// !$*UTF8*$!
{
	archiveVersion = 1;
	classes = {
	};
	objectVersion = 46;
	objects = {

/* Begin PBXBuildFile section */
		A30D04AB1F3B2D3A00F0DF85 /* AppDelegate.swift in Sources */ = {isa = PBXBuildFile; fileRef = A30D04AA1F3B2D3A00F0DF85 /* AppDelegate.swift */; };
		A30D04AD1F3B2D3A00F0DF85 /* ViewController.swift in Sources */ = {isa = PBXBuildFile; fileRef = A30D04AC1F3B2D3A00F0DF85 /* ViewController.swift */; };
		A30D04B01F3B2D3A00F0DF85 /* Main.storyboard in Resources */ = {isa = PBXBuildFile; fileRef = A30D04AE1F3B2D3A00F0DF85 /* Main.storyboard */; };
		A30D04B21F3B2D3A00F0DF85 /* Assets.xcassets in Resources */ = {isa = PBXBuildFile; fileRef = A30D04B11F3B2D3A00F0DF85 /* Assets.xcassets */; };
		A30D04B51F3B2D3A00F0DF85 /* LaunchScreen.storyboard in Resources */ = {isa = PBXBuildFile; fileRef = A30D04B31F3B2D3A00F0DF85 /* LaunchScreen.storyboard */; };
		A30D04C01F3B2D3B00F0DF85 /* HJGiftAnimationTests.swift in Sources */ = {isa = PBXBuildFile; fileRef = A30D04BF1F3B2D3B00F0DF85 /* HJGiftAnimationTests.swift */; };
		A30D04CB1F3B2D3B00F0DF85 /* HJGiftAnimationUITests.swift in Sources */ = {isa = PBXBuildFile; fileRef = A30D04CA1F3B2D3B00F0DF85 /* HJGiftAnimationUITests.swift */; };
		A382FC1D1F3C08F2001F7160 /* HJGiftChannelModel.swift in Sources */ = {isa = PBXBuildFile; fileRef = A382FC1C1F3C08F2001F7160 /* HJGiftChannelModel.swift */; };
		A382FC1F1F3C0905001F7160 /* HJGiftChannelView.swift in Sources */ = {isa = PBXBuildFile; fileRef = A382FC1E1F3C0905001F7160 /* HJGiftChannelView.swift */; };
		A382FC211F3C118F001F7160 /* HJGiftContainerView.swift in Sources */ = {isa = PBXBuildFile; fileRef = A382FC201F3C118F001F7160 /* HJGiftContainerView.swift */; };
		A3C040511F3C4C03009F4274 /* HJGiftDigitLabel.swift in Sources */ = {isa = PBXBuildFile; fileRef = A3C040501F3C4C03009F4274 /* HJGiftDigitLabel.swift */; };
		A3D50B1F1F3C493700781829 /* HJGiftChannelView.xib in Resources */ = {isa = PBXBuildFile; fileRef = A3D50B1E1F3C493700781829 /* HJGiftChannelView.xib */; };
/* End PBXBuildFile section */

/* Begin PBXContainerItemProxy section */
		A30D04BC1F3B2D3B00F0DF85 /* PBXContainerItemProxy */ = {
			isa = PBXContainerItemProxy;
			containerPortal = A30D049F1F3B2D3A00F0DF85 /* Project object */;
			proxyType = 1;
			remoteGlobalIDString = A30D04A61F3B2D3A00F0DF85;
			remoteInfo = HJGiftAnimation;
		};
		A30D04C71F3B2D3B00F0DF85 /* PBXContainerItemProxy */ = {
			isa = PBXContainerItemProxy;
			containerPortal = A30D049F1F3B2D3A00F0DF85 /* Project object */;
			proxyType = 1;
			remoteGlobalIDString = A30D04A61F3B2D3A00F0DF85;
			remoteInfo = HJGiftAnimation;
		};
/* End PBXContainerItemProxy section */

/* Begin PBXFileReference section */
		A30D04A71F3B2D3A00F0DF85 /* HJGiftAnimation.app */ = {isa = PBXFileReference; explicitFileType = wrapper.application; includeInIndex = 0; path = HJGiftAnimation.app; sourceTree = BUILT_PRODUCTS_DIR; };
		A30D04AA1F3B2D3A00F0DF85 /* AppDelegate.swift */ = {isa = PBXFileReference; lastKnownFileType = sourcecode.swift; path = AppDelegate.swift; sourceTree = "<group>"; };
		A30D04AC1F3B2D3A00F0DF85 /* ViewController.swift */ = {isa = PBXFileReference; lastKnownFileType = sourcecode.swift; path = ViewController.swift; sourceTree = "<group>"; };
		A30D04AF1F3B2D3A00F0DF85 /* Base */ = {isa = PBXFileReference; lastKnownFileType = file.storyboard; name = Base; path = Base.lproj/Main.storyboard; sourceTree = "<group>"; };
		A30D04B11F3B2D3A00F0DF85 /* Assets.xcassets */ = {isa = PBXFileReference; lastKnownFileType = folder.assetcatalog; path = Assets.xcassets; sourceTree = "<group>"; };
		A30D04B41F3B2D3A00F0DF85 /* Base */ = {isa = PBXFileReference; lastKnownFileType = file.storyboard; name = Base; path = Base.lproj/LaunchScreen.storyboard; sourceTree = "<group>"; };
		A30D04B61F3B2D3A00F0DF85 /* Info.plist */ = {isa = PBXFileReference; lastKnownFileType = text.plist.xml; path = Info.plist; sourceTree = "<group>"; };
		A30D04BB1F3B2D3B00F0DF85 /* HJGiftAnimationTests.xctest */ = {isa = PBXFileReference; explicitFileType = wrapper.cfbundle; includeInIndex = 0; path = HJGiftAnimationTests.xctest; sourceTree = BUILT_PRODUCTS_DIR; };
		A30D04BF1F3B2D3B00F0DF85 /* HJGiftAnimationTests.swift */ = {isa = PBXFileReference; lastKnownFileType = sourcecode.swift; path = HJGiftAnimationTests.swift; sourceTree = "<group>"; };
		A30D04C11F3B2D3B00F0DF85 /* Info.plist */ = {isa = PBXFileReference; lastKnownFileType = text.plist.xml; path = Info.plist; sourceTree = "<group>"; };
		A30D04C61F3B2D3B00F0DF85 /* HJGiftAnimationUITests.xctest */ = {isa = PBXFileReference; explicitFileType = wrapper.cfbundle; includeInIndex = 0; path = HJGiftAnimationUITests.xctest; sourceTree = BUILT_PRODUCTS_DIR; };
		A30D04CA1F3B2D3B00F0DF85 /* HJGiftAnimationUITests.swift */ = {isa = PBXFileReference; lastKnownFileType = sourcecode.swift; path = HJGiftAnimationUITests.swift; sourceTree = "<group>"; };
		A30D04CC1F3B2D3B00F0DF85 /* Info.plist */ = {isa = PBXFileReference; lastKnownFileType = text.plist.xml; path = Info.plist; sourceTree = "<group>"; };
		A382FC1C1F3C08F2001F7160 /* HJGiftChannelModel.swift */ = {isa = PBXFileReference; fileEncoding = 4; lastKnownFileType = sourcecode.swift; name = HJGiftChannelModel.swift; path = ../../../../../Mrhuang/Desktop/HJGiftAnimation/HJGiftAnimation/HJGiftAnimation/HJGiftChannelModel.swift; sourceTree = "<group>"; };
		A382FC1E1F3C0905001F7160 /* HJGiftChannelView.swift */ = {isa = PBXFileReference; fileEncoding = 4; lastKnownFileType = sourcecode.swift; name = HJGiftChannelView.swift; path = ../../../../../Mrhuang/Desktop/HJGiftAnimation/HJGiftAnimation/HJGiftAnimation/HJGiftChannelView.swift; sourceTree = "<group>"; };
		A382FC201F3C118F001F7160 /* HJGiftContainerView.swift */ = {isa = PBXFileReference; fileEncoding = 4; lastKnownFileType = sourcecode.swift; name = HJGiftContainerView.swift; path = ../../../../../Mrhuang/Desktop/HJGiftAnimation/HJGiftAnimation/HJGiftAnimation/HJGiftContainerView.swift; sourceTree = "<group>"; };
		A3C040501F3C4C03009F4274 /* HJGiftDigitLabel.swift */ = {isa = PBXFileReference; fileEncoding = 4; lastKnownFileType = sourcecode.swift; name = HJGiftDigitLabel.swift; path = ../../../../../Mrhuang/Desktop/HJGiftAnimation/HJGiftAnimation/HJGiftAnimation/HJGiftDigitLabel.swift; sourceTree = "<group>"; };
		A3D50B1E1F3C493700781829 /* HJGiftChannelView.xib */ = {isa = PBXFileReference; fileEncoding = 4; lastKnownFileType = file.xib; name = HJGiftChannelView.xib; path = ../../../../../Mrhuang/Desktop/HJGiftAnimation/HJGiftAnimation/HJGiftAnimation/HJGiftChannelView.xib; sourceTree = "<group>"; };
/* End PBXFileReference section */

/* Begin PBXFrameworksBuildPhase section */
		A30D04A41F3B2D3A00F0DF85 /* Frameworks */ = {
			isa = PBXFrameworksBuildPhase;
			buildActionMask = 2147483647;
			files = (
			);
			runOnlyForDeploymentPostprocessing = 0;
		};
		A30D04B81F3B2D3B00F0DF85 /* Frameworks */ = {
			isa = PBXFrameworksBuildPhase;
			buildActionMask = 2147483647;
			files = (
			);
			runOnlyForDeploymentPostprocessing = 0;
		};
		A30D04C31F3B2D3B00F0DF85 /* Frameworks */ = {
			isa = PBXFrameworksBuildPhase;
			buildActionMask = 2147483647;
			files = (
			);
			runOnlyForDeploymentPostprocessing = 0;
		};
/* End PBXFrameworksBuildPhase section */

/* Begin PBXGroup section */
		A30D049E1F3B2D3A00F0DF85 = {
			isa = PBXGroup;
			children = (
				A30D04A91F3B2D3A00F0DF85 /* HJGiftAnimation */,
				A30D04BE1F3B2D3B00F0DF85 /* HJGiftAnimationTests */,
				A30D04C91F3B2D3B00F0DF85 /* HJGiftAnimationUITests */,
				A30D04A81F3B2D3A00F0DF85 /* Products */,
			);
			sourceTree = "<group>";
		};
		A30D04A81F3B2D3A00F0DF85 /* Products */ = {
			isa = PBXGroup;
			children = (
				A30D04A71F3B2D3A00F0DF85 /* HJGiftAnimation.app */,
				A30D04BB1F3B2D3B00F0DF85 /* HJGiftAnimationTests.xctest */,
				A30D04C61F3B2D3B00F0DF85 /* HJGiftAnimationUITests.xctest */,
			);
			name = Products;
			sourceTree = "<group>";
		};
		A30D04A91F3B2D3A00F0DF85 /* HJGiftAnimation */ = {
			isa = PBXGroup;
			children = (
				A30D04D81F3B2D8800F0DF85 /* HJGiftAnimation */,
				A30D04AA1F3B2D3A00F0DF85 /* AppDelegate.swift */,
				A30D04AC1F3B2D3A00F0DF85 /* ViewController.swift */,
				A30D04AE1F3B2D3A00F0DF85 /* Main.storyboard */,
				A30D04B11F3B2D3A00F0DF85 /* Assets.xcassets */,
				A30D04B31F3B2D3A00F0DF85 /* LaunchScreen.storyboard */,
				A30D04B61F3B2D3A00F0DF85 /* Info.plist */,
			);
			path = HJGiftAnimation;
			sourceTree = "<group>";
		};
		A30D04BE1F3B2D3B00F0DF85 /* HJGiftAnimationTests */ = {
			isa = PBXGroup;
			children = (
				A30D04BF1F3B2D3B00F0DF85 /* HJGiftAnimationTests.swift */,
				A30D04C11F3B2D3B00F0DF85 /* Info.plist */,
			);
			path = HJGiftAnimationTests;
			sourceTree = "<group>";
		};
		A30D04C91F3B2D3B00F0DF85 /* HJGiftAnimationUITests */ = {
			isa = PBXGroup;
			children = (
				A30D04CA1F3B2D3B00F0DF85 /* HJGiftAnimationUITests.swift */,
				A30D04CC1F3B2D3B00F0DF85 /* Info.plist */,
			);
			path = HJGiftAnimationUITests;
			sourceTree = "<group>";
		};
		A30D04D81F3B2D8800F0DF85 /* HJGiftAnimation */ = {
			isa = PBXGroup;
			children = (
				A382FC1C1F3C08F2001F7160 /* HJGiftChannelModel.swift */,
				A382FC201F3C118F001F7160 /* HJGiftContainerView.swift */,
				A382FC1E1F3C0905001F7160 /* HJGiftChannelView.swift */,
				A3D50B1E1F3C493700781829 /* HJGiftChannelView.xib */,
				A3C040501F3C4C03009F4274 /* HJGiftDigitLabel.swift */,
			);
			path = HJGiftAnimation;
			sourceTree = "<group>";
		};
/* End PBXGroup section */

/* Begin PBXNativeTarget section */
		A30D04A61F3B2D3A00F0DF85 /* HJGiftAnimation */ = {
			isa = PBXNativeTarget;
			buildConfigurationList = A30D04CF1F3B2D3B00F0DF85 /* Build configuration list for PBXNativeTarget "HJGiftAnimation" */;
			buildPhases = (
				A30D04A31F3B2D3A00F0DF85 /* Sources */,
				A30D04A41F3B2D3A00F0DF85 /* Frameworks */,
				A30D04A51F3B2D3A00F0DF85 /* Resources */,
			);
			buildRules = (
			);
			dependencies = (
			);
			name = HJGiftAnimation;
			productName = HJGiftAnimation;
			productReference = A30D04A71F3B2D3A00F0DF85 /* HJGiftAnimation.app */;
			productType = "com.apple.product-type.application";
		};
		A30D04BA1F3B2D3B00F0DF85 /* HJGiftAnimationTests */ = {
			isa = PBXNativeTarget;
			buildConfigurationList = A30D04D21F3B2D3B00F0DF85 /* Build configuration list for PBXNativeTarget "HJGiftAnimationTests" */;
			buildPhases = (
				A30D04B71F3B2D3B00F0DF85 /* Sources */,
				A30D04B81F3B2D3B00F0DF85 /* Frameworks */,
				A30D04B91F3B2D3B00F0DF85 /* Resources */,
			);
			buildRules = (
			);
			dependencies = (
				A30D04BD1F3B2D3B00F0DF85 /* PBXTargetDependency */,
			);
			name = HJGiftAnimationTests;
			productName = HJGiftAnimationTests;
			productReference = A30D04BB1F3B2D3B00F0DF85 /* HJGiftAnimationTests.xctest */;
			productType = "com.apple.product-type.bundle.unit-test";
		};
		A30D04C51F3B2D3B00F0DF85 /* HJGiftAnimationUITests */ = {
			isa = PBXNativeTarget;
			buildConfigurationList = A30D04D51F3B2D3B00F0DF85 /* Build configuration list for PBXNativeTarget "HJGiftAnimationUITests" */;
			buildPhases = (
				A30D04C21F3B2D3B00F0DF85 /* Sources */,
				A30D04C31F3B2D3B00F0DF85 /* Frameworks */,
				A30D04C41F3B2D3B00F0DF85 /* Resources */,
			);
			buildRules = (
			);
			dependencies = (
				A30D04C81F3B2D3B00F0DF85 /* PBXTargetDependency */,
			);
			name = HJGiftAnimationUITests;
			productName = HJGiftAnimationUITests;
			productReference = A30D04C61F3B2D3B00F0DF85 /* HJGiftAnimationUITests.xctest */;
			productType = "com.apple.product-type.bundle.ui-testing";
		};
/* End PBXNativeTarget section */

/* Begin PBXProject section */
		A30D049F1F3B2D3A00F0DF85 /* Project object */ = {
			isa = PBXProject;
			attributes = {
				LastSwiftUpdateCheck = 0820;
				LastUpgradeCheck = 0820;
				ORGANIZATIONNAME = Mrhuang;
				TargetAttributes = {
					A30D04A61F3B2D3A00F0DF85 = {
						CreatedOnToolsVersion = 8.2;
						ProvisioningStyle = Automatic;
					};
					A30D04BA1F3B2D3B00F0DF85 = {
						CreatedOnToolsVersion = 8.2;
						ProvisioningStyle = Automatic;
						TestTargetID = A30D04A61F3B2D3A00F0DF85;
					};
					A30D04C51F3B2D3B00F0DF85 = {
						CreatedOnToolsVersion = 8.2;
						ProvisioningStyle = Automatic;
						TestTargetID = A30D04A61F3B2D3A00F0DF85;
					};
				};
			};
			buildConfigurationList = A30D04A21F3B2D3A00F0DF85 /* Build configuration list for PBXProject "HJGiftAnimation" */;
			compatibilityVersion = "Xcode 3.2";
			developmentRegion = English;
			hasScannedForEncodings = 0;
			knownRegions = (
				en,
				Base,
			);
			mainGroup = A30D049E1F3B2D3A00F0DF85;
			productRefGroup = A30D04A81F3B2D3A00F0DF85 /* Products */;
			projectDirPath = "";
			projectRoot = "";
			targets = (
				A30D04A61F3B2D3A00F0DF85 /* HJGiftAnimation */,
				A30D04BA1F3B2D3B00F0DF85 /* HJGiftAnimationTests */,
				A30D04C51F3B2D3B00F0DF85 /* HJGiftAnimationUITests */,
			);
		};
/* End PBXProject section */

/* Begin PBXResourcesBuildPhase section */
		A30D04A51F3B2D3A00F0DF85 /* Resources */ = {
			isa = PBXResourcesBuildPhase;
			buildActionMask = 2147483647;
			files = (
				A30D04B51F3B2D3A00F0DF85 /* LaunchScreen.storyboard in Resources */,
				A30D04B21F3B2D3A00F0DF85 /* Assets.xcassets in Resources */,
				A3D50B1F1F3C493700781829 /* HJGiftChannelView.xib in Resources */,
				A30D04B01F3B2D3A00F0DF85 /* Main.storyboard in Resources */,
			);
			runOnlyForDeploymentPostprocessing = 0;
		};
		A30D04B91F3B2D3B00F0DF85 /* Resources */ = {
			isa = PBXResourcesBuildPhase;
			buildActionMask = 2147483647;
			files = (
			);
			runOnlyForDeploymentPostprocessing = 0;
		};
		A30D04C41F3B2D3B00F0DF85 /* Resources */ = {
			isa = PBXResourcesBuildPhase;
			buildActionMask = 2147483647;
			files = (
			);
			runOnlyForDeploymentPostprocessing = 0;
		};
/* End PBXResourcesBuildPhase section */

/* Begin PBXSourcesBuildPhase section */
		A30D04A31F3B2D3A00F0DF85 /* Sources */ = {
			isa = PBXSourcesBuildPhase;
			buildActionMask = 2147483647;
			files = (
				A3C040511F3C4C03009F4274 /* HJGiftDigitLabel.swift in Sources */,
				A382FC1D1F3C08F2001F7160 /* HJGiftChannelModel.swift in Sources */,
				A382FC1F1F3C0905001F7160 /* HJGiftChannelView.swift in Sources */,
				A30D04AD1F3B2D3A00F0DF85 /* ViewController.swift in Sources */,
				A382FC211F3C118F001F7160 /* HJGiftContainerView.swift in Sources */,
				A30D04AB1F3B2D3A00F0DF85 /* AppDelegate.swift in Sources */,
			);
			runOnlyForDeploymentPostprocessing = 0;
		};
		A30D04B71F3B2D3B00F0DF85 /* Sources */ = {
			isa = PBXSourcesBuildPhase;
			buildActionMask = 2147483647;
			files = (
				A30D04C01F3B2D3B00F0DF85 /* HJGiftAnimationTests.swift in Sources */,
			);
			runOnlyForDeploymentPostprocessing = 0;
		};
		A30D04C21F3B2D3B00F0DF85 /* Sources */ = {
			isa = PBXSourcesBuildPhase;
			buildActionMask = 2147483647;
			files = (
				A30D04CB1F3B2D3B00F0DF85 /* HJGiftAnimationUITests.swift in Sources */,
			);
			runOnlyForDeploymentPostprocessing = 0;
		};
/* End PBXSourcesBuildPhase section */

/* Begin PBXTargetDependency section */
		A30D04BD1F3B2D3B00F0DF85 /* PBXTargetDependency */ = {
			isa = PBXTargetDependency;
			target = A30D04A61F3B2D3A00F0DF85 /* HJGiftAnimation */;
			targetProxy = A30D04BC1F3B2D3B00F0DF85 /* PBXContainerItemProxy */;
		};
		A30D04C81F3B2D3B00F0DF85 /* PBXTargetDependency */ = {
			isa = PBXTargetDependency;
			target = A30D04A61F3B2D3A00F0DF85 /* HJGiftAnimation */;
			targetProxy = A30D04C71F3B2D3B00F0DF85 /* PBXContainerItemProxy */;
		};
/* End PBXTargetDependency section */

/* Begin PBXVariantGroup section */
		A30D04AE1F3B2D3A00F0DF85 /* Main.storyboard */ = {
			isa = PBXVariantGroup;
			children = (
				A30D04AF1F3B2D3A00F0DF85 /* Base */,
			);
			name = Main.storyboard;
			sourceTree = "<group>";
		};
		A30D04B31F3B2D3A00F0DF85 /* LaunchScreen.storyboard */ = {
			isa = PBXVariantGroup;
			children = (
				A30D04B41F3B2D3A00F0DF85 /* Base */,
			);
			name = LaunchScreen.storyboard;
			sourceTree = "<group>";
		};
/* End PBXVariantGroup section */

/* Begin XCBuildConfiguration section */
		A30D04CD1F3B2D3B00F0DF85 /* Debug */ = {
			isa = XCBuildConfiguration;
			buildSettings = {
				ALWAYS_SEARCH_USER_PATHS = NO;
				CLANG_ANALYZER_NONNULL = YES;
				CLANG_CXX_LANGUAGE_STANDARD = "gnu++0x";
				CLANG_CXX_LIBRARY = "libc++";
				CLANG_ENABLE_MODULES = YES;
				CLANG_ENABLE_OBJC_ARC = YES;
				CLANG_WARN_BOOL_CONVERSION = YES;
				CLANG_WARN_CONSTANT_CONVERSION = YES;
				CLANG_WARN_DIRECT_OBJC_ISA_USAGE = YES_ERROR;
				CLANG_WARN_DOCUMENTATION_COMMENTS = YES;
				CLANG_WARN_EMPTY_BODY = YES;
				CLANG_WARN_ENUM_CONVERSION = YES;
				CLANG_WARN_INFINITE_RECURSION = YES;
				CLANG_WARN_INT_CONVERSION = YES;
				CLANG_WARN_OBJC_ROOT_CLASS = YES_ERROR;
				CLANG_WARN_SUSPICIOUS_MOVE = YES;
				CLANG_WARN_UNREACHABLE_CODE = YES;
				CLANG_WARN__DUPLICATE_METHOD_MATCH = YES;
				"CODE_SIGN_IDENTITY[sdk=iphoneos*]" = "iPhone Developer";
				COPY_PHASE_STRIP = NO;
				DEBUG_INFORMATION_FORMAT = dwarf;
				ENABLE_STRICT_OBJC_MSGSEND = YES;
				ENABLE_TESTABILITY = YES;
				GCC_C_LANGUAGE_STANDARD = gnu99;
				GCC_DYNAMIC_NO_PIC = NO;
				GCC_NO_COMMON_BLOCKS = YES;
				GCC_OPTIMIZATION_LEVEL = 0;
				GCC_PREPROCESSOR_DEFINITIONS = (
					"DEBUG=1",
					"$(inherited)",
				);
				GCC_WARN_64_TO_32_BIT_CONVERSION = YES;
				GCC_WARN_ABOUT_RETURN_TYPE = YES_ERROR;
				GCC_WARN_UNDECLARED_SELECTOR = YES;
				GCC_WARN_UNINITIALIZED_AUTOS = YES_AGGRESSIVE;
				GCC_WARN_UNUSED_FUNCTION = YES;
				GCC_WARN_UNUSED_VARIABLE = YES;
				GENERATE_MASTER_OBJECT_FILE = NO;
				IPHONEOS_DEPLOYMENT_TARGET = 10.2;
				MTL_ENABLE_DEBUG_INFO = YES;
				ONLY_ACTIVE_ARCH = YES;
				SDKROOT = iphoneos;
				SWIFT_ACTIVE_COMPILATION_CONDITIONS = DEBUG;
				SWIFT_OPTIMIZATION_LEVEL = "-Onone";
				TARGETED_DEVICE_FAMILY = "1,2";
			};
			name = Debug;
		};
		A30D04CE1F3B2D3B00F0DF85 /* Release */ = {
			isa = XCBuildConfiguration;
			buildSettings = {
				ALWAYS_SEARCH_USER_PATHS = NO;
				CLANG_ANALYZER_NONNULL = YES;
				CLANG_CXX_LANGUAGE_STANDARD = "gnu++0x";
				CLANG_CXX_LIBRARY = "libc++";
				CLANG_ENABLE_MODULES = YES;
				CLANG_ENABLE_OBJC_ARC = YES;
				CLANG_WARN_BOOL_CONVERSION = YES;
				CLANG_WARN_CONSTANT_CONVERSION = YES;
				CLANG_WARN_DIRECT_OBJC_ISA_USAGE = YES_ERROR;
				CLANG_WARN_DOCUMENTATION_COMMENTS = YES;
				CLANG_WARN_EMPTY_BODY = YES;
				CLANG_WARN_ENUM_CONVERSION = YES;
				CLANG_WARN_INFINITE_RECURSION = YES;
				CLANG_WARN_INT_CONVERSION = YES;
				CLANG_WARN_OBJC_ROOT_CLASS = YES_ERROR;
				CLANG_WARN_SUSPICIOUS_MOVE = YES;
				CLANG_WARN_UNREACHABLE_CODE = YES;
				CLANG_WARN__DUPLICATE_METHOD_MATCH = YES;
				"CODE_SIGN_IDENTITY[sdk=iphoneos*]" = "iPhone Developer";
				COPY_PHASE_STRIP = NO;
				DEBUG_INFORMATION_FORMAT = "dwarf-with-dsym";
				ENABLE_NS_ASSERTIONS = NO;
				ENABLE_STRICT_OBJC_MSGSEND = YES;
				GCC_C_LANGUAGE_STANDARD = gnu99;
				GCC_NO_COMMON_BLOCKS = YES;
				GCC_WARN_64_TO_32_BIT_CONVERSION = YES;
				GCC_WARN_ABOUT_RETURN_TYPE = YES_ERROR;
				GCC_WARN_UNDECLARED_SELECTOR = YES;
				GCC_WARN_UNINITIALIZED_AUTOS = YES_AGGRESSIVE;
				GCC_WARN_UNUSED_FUNCTION = YES;
				GCC_WARN_UNUSED_VARIABLE = YES;
				GENERATE_MASTER_OBJECT_FILE = NO;
				IPHONEOS_DEPLOYMENT_TARGET = 10.2;
				MTL_ENABLE_DEBUG_INFO = NO;
				SDKROOT = iphoneos;
				SWIFT_OPTIMIZATION_LEVEL = "-Owholemodule";
				TARGETED_DEVICE_FAMILY = "1,2";
				VALIDATE_PRODUCT = YES;
			};
			name = Release;
		};
		A30D04D01F3B2D3B00F0DF85 /* Debug */ = {
			isa = XCBuildConfiguration;
			buildSettings = {
				ASSETCATALOG_COMPILER_APPICON_NAME = AppIcon;
				INFOPLIST_FILE = HJGiftAnimation/Info.plist;
				LD_RUNPATH_SEARCH_PATHS = "$(inherited) @executable_path/Frameworks";
				PRODUCT_BUNDLE_IDENTIFIER = MrHuang.HJGiftAnimation;
				PRODUCT_NAME = "$(TARGET_NAME)";
				SWIFT_VERSION = 3.0;
			};
			name = Debug;
		};
		A30D04D11F3B2D3B00F0DF85 /* Release */ = {
			isa = XCBuildConfiguration;
			buildSettings = {
				ASSETCATALOG_COMPILER_APPICON_NAME = AppIcon;
				INFOPLIST_FILE = HJGiftAnimation/Info.plist;
				LD_RUNPATH_SEARCH_PATHS = "$(inherited) @executable_path/Frameworks";
				PRODUCT_BUNDLE_IDENTIFIER = MrHuang.HJGiftAnimation;
				PRODUCT_NAME = "$(TARGET_NAME)";
				SWIFT_VERSION = 3.0;
			};
			name = Release;
		};
		A30D04D31F3B2D3B00F0DF85 /* Debug */ = {
			isa = XCBuildConfiguration;
			buildSettings = {
				ALWAYS_EMBED_SWIFT_STANDARD_LIBRARIES = YES;
				BUNDLE_LOADER = "$(TEST_HOST)";
				INFOPLIST_FILE = HJGiftAnimationTests/Info.plist;
				LD_RUNPATH_SEARCH_PATHS = "$(inherited) @executable_path/Frameworks @loader_path/Frameworks";
				PRODUCT_BUNDLE_IDENTIFIER = MrHuang.HJGiftAnimationTests;
				PRODUCT_NAME = "$(TARGET_NAME)";
				SWIFT_VERSION = 3.0;
				TEST_HOST = "$(BUILT_PRODUCTS_DIR)/HJGiftAnimation.app/HJGiftAnimation";
			};
			name = Debug;
		};
		A30D04D41F3B2D3B00F0DF85 /* Release */ = {
			isa = XCBuildConfiguration;
			buildSettings = {
				ALWAYS_EMBED_SWIFT_STANDARD_LIBRARIES = YES;
				BUNDLE_LOADER = "$(TEST_HOST)";
				INFOPLIST_FILE = HJGiftAnimationTests/Info.plist;
				LD_RUNPATH_SEARCH_PATHS = "$(inherited) @executable_path/Frameworks @loader_path/Frameworks";
				PRODUCT_BUNDLE_IDENTIFIER = MrHuang.HJGiftAnimationTests;
				PRODUCT_NAME = "$(TARGET_NAME)";
				SWIFT_VERSION = 3.0;
				TEST_HOST = "$(BUILT_PRODUCTS_DIR)/HJGiftAnimation.app/HJGiftAnimation";
			};
			name = Release;
		};
		A30D04D61F3B2D3B00F0DF85 /* Debug */ = {
			isa = XCBuildConfiguration;
			buildSettings = {
				ALWAYS_EMBED_SWIFT_STANDARD_LIBRARIES = YES;
				INFOPLIST_FILE = HJGiftAnimationUITests/Info.plist;
				LD_RUNPATH_SEARCH_PATHS = "$(inherited) @executable_path/Frameworks @loader_path/Frameworks";
				PRODUCT_BUNDLE_IDENTIFIER = MrHuang.HJGiftAnimationUITests;
				PRODUCT_NAME = "$(TARGET_NAME)";
				SWIFT_VERSION = 3.0;
				TEST_TARGET_NAME = HJGiftAnimation;
			};
			name = Debug;
		};
		A30D04D71F3B2D3B00F0DF85 /* Release */ = {
			isa = XCBuildConfiguration;
			buildSettings = {
				ALWAYS_EMBED_SWIFT_STANDARD_LIBRARIES = YES;
				INFOPLIST_FILE = HJGiftAnimationUITests/Info.plist;
				LD_RUNPATH_SEARCH_PATHS = "$(inherited) @executable_path/Frameworks @loader_path/Frameworks";
				PRODUCT_BUNDLE_IDENTIFIER = MrHuang.HJGiftAnimationUITests;
				PRODUCT_NAME = "$(TARGET_NAME)";
				SWIFT_VERSION = 3.0;
				TEST_TARGET_NAME = HJGiftAnimation;
			};
			name = Release;
		};
/* End XCBuildConfiguration section */

/* Begin XCConfigurationList section */
		A30D04A21F3B2D3A00F0DF85 /* Build configuration list for PBXProject "HJGiftAnimation" */ = {
			isa = XCConfigurationList;
			buildConfigurations = (
				A30D04CD1F3B2D3B00F0DF85 /* Debug */,
				A30D04CE1F3B2D3B00F0DF85 /* Release */,
			);
			defaultConfigurationIsVisible = 0;
			defaultConfigurationName = Release;
		};
		A30D04CF1F3B2D3B00F0DF85 /* Build configuration list for PBXNativeTarget "HJGiftAnimation" */ = {
			isa = XCConfigurationList;
			buildConfigurations = (
				A30D04D01F3B2D3B00F0DF85 /* Debug */,
				A30D04D11F3B2D3B00F0DF85 /* Release */,
			);
			defaultConfigurationIsVisible = 0;
			defaultConfigurationName = Release;
		};
		A30D04D21F3B2D3B00F0DF85 /* Build configuration list for PBXNativeTarget "HJGiftAnimationTests" */ = {
			isa = XCConfigurationList;
			buildConfigurations = (
				A30D04D31F3B2D3B00F0DF85 /* Debug */,
				A30D04D41F3B2D3B00F0DF85 /* Release */,
			);
			defaultConfigurationIsVisible = 0;
			defaultConfigurationName = Release;
		};
		A30D04D51F3B2D3B00F0DF85 /* Build configuration list for PBXNativeTarget "HJGiftAnimationUITests" */ = {
			isa = XCConfigurationList;
			buildConfigurations = (
				A30D04D61F3B2D3B00F0DF85 /* Debug */,
				A30D04D71F3B2D3B00F0DF85 /* Release */,
			);
			defaultConfigurationIsVisible = 0;
			defaultConfigurationName = Release;
		};
/* End XCConfigurationList section */
	};
	rootObject = A30D049F1F3B2D3A00F0DF85 /* Project object */;
}
